{
    "_readme": [
        "This file locks the dependencies of your project to a known state",
        "Read more about it at https://getcomposer.org/doc/01-basic-usage.md#composer-lock-the-lock-file",
        "This file is @generated automatically"
    ],
    "hash": "244d1ebd5d8c7e944e7930fcb09d3976",
    "content-hash": "95fa344999ad4ffa40830936910c6f14",
    "packages": [
        {
            "name": "netcarver/textile",
            "version": "v3.7.2",
            "source": {
                "type": "git",
                "url": "https://github.com/textile/php-textile.git",
                "reference": "c24d68d9f4d099f9c2434e71024f2a6140dc1594"
            },
            "dist": {
                "type": "zip",
                "url": "https://api.github.com/repos/textile/php-textile/zipball/c24d68d9f4d099f9c2434e71024f2a6140dc1594",
                "reference": "c24d68d9f4d099f9c2434e71024f2a6140dc1594",
                "shasum": ""
            },
            "require": {
                "php": ">=5.3.0"
            },
            "require-dev": {
                "php-coveralls/php-coveralls": "2.1.*",
                "phpunit/phpunit": "5.7.*",
                "squizlabs/php_codesniffer": "3.*",
                "symfony/yaml": "2.4.*"
            },
            "type": "library",
            "extra": {
                "branch-alias": {
                    "dev-master": "3.7-dev"
                }
            },
            "autoload": {
                "psr-4": {
                    "Netcarver\\Textile\\": "src/Netcarver/Textile/"
                }
            },
            "notification-url": "https://packagist.org/downloads/",
            "license": [
                "BSD-3-Clause"
            ],
            "description": "Textile markup language parser",
            "homepage": "https://github.com/textile/php-textile",
            "keywords": [
                "document",
                "format",
                "html",
                "language",
                "markup",
                "parser",
                "php-textile",
                "plaintext",
                "textile"
            ],
            "time": "2019-06-08 17:57:17"
        }
    ],
    "packages-dev": [],
    "aliases": [],
    "minimum-stability": "stable",
    "stability-flags": [],
    "prefer-stable": false,
    "prefer-lowest": false,
    "platform": [],
    "platform-dev": []
}
